<?xml version="1.0" encoding="utf-8"?>
<Project ToolsVersion="4.0" xmlns="http://schemas.microsoft.com/developer/msbuild/2003">
  <ItemGroup>
    <Filter Include="Source Files">
      <UniqueIdentifier>{4FC737F1-C7A5-4376-A066-2A32D752A2FF}</UniqueIdentifier>
      <Extensions>cpp;c;cc;cxx;c++;cppm;ixx;def;odl;idl;hpj;bat;asm;asmx</Extensions>
    </Filter>
    <Filter Include="Header Files">
      <UniqueIdentifier>{93995380-89BD-4b04-88EB-625FBE52EBFB}</UniqueIdentifier>
      <Extensions>h;hh;hpp;hxx;h++;hm;inl;inc;ipp;xsd</Extensions>
    </Filter>
    <Filter Include="Resource Files">
      <UniqueIdentifier>{67DA6AB6-F800-4c08-8B7A-83BB121AAD01}</UniqueIdentifier>
      <Extensions>rc;ico;cur;bmp;dlg;rc2;rct;bin;rgs;gif;jpg;jpeg;jpe;resx;tiff;tif;png;wav;mfcribbon-ms</Extensions>
    </Filter>
  </ItemGroup>
  <ItemGroup>
    <ClCompile Include="Src\drawable2D.cpp">
      <Filter>Source Files</Filter>
    </ClCompile>
    <ClCompile Include="Src\main.cpp">
      <Filter>Source Files</Filter>
    </ClCompile>
    <ClCompile Include="Src\rectangle.cpp">
      <Filter>Source Files</Filter>
    </ClCompile>
    <ClCompile Include="Src\shader.cpp">
      <Filter>Source Files</Filter>
    </ClCompile>
    <ClCompile Include="Src\text.cpp">
      <Filter>Source Files</Filter>
    </ClCompile>
    <ClCompile Include="Src\texture.cpp">
      <Filter>Source Files</Filter>
    </ClCompile>
    <ClCompile Include="Dependencies\Include\glad.c">
      <Filter>Source Files</Filter>
    </ClCompile>
    <ClCompile Include="Src\apl.cpp">
      <Filter>Source Files</Filter>
    </ClCompile>
  </ItemGroup>
  <ItemGroup>
    <ClInclude Include="Headers\Types\color.h">
      <Filter>Header Files</Filter>
    </ClInclude>
    <ClInclude Include="Headers\Types\matrix.h">
      <Filter>Header Files</Filter>
    </ClInclude>
    <ClInclude Include="Headers\Types\ptr.h">
      <Filter>Header Files</Filter>
    </ClInclude>
    <ClInclude Include="Headers\Types\vector.h">
      <Filter>Header Files</Filter>
    </ClInclude>
    <ClInclude Include="Headers\drawable2D.h">
      <Filter>Header Files</Filter>
    </ClInclude>
    <ClInclude Include="Headers\observer.h">
      <Filter>Header Files</Filter>
    </ClInclude>
    <ClInclude Include="Headers\rectangle.h">
      <Filter>Header Files</Filter>
    </ClInclude>
    <ClInclude Include="Headers\shader.h">
      <Filter>Header Files</Filter>
    </ClInclude>
    <ClInclude Include="Headers\text.h">
      <Filter>Header Files</Filter>
    </ClInclude>
    <ClInclude Include="Headers\texture.h">
      <Filter>Header Files</Filter>
    </ClInclude>
    <ClInclude Include="Headers\apl.h">
      <Filter>Header Files</Filter>
    </ClInclude>
    <ClInclude Include="Headers\Header.h">
      <Filter>Header Files</Filter>
    </ClInclude>
    <ClInclude Include="Headers\ecs\entity.h">
      <Filter>Header Files</Filter>
    </ClInclude>
    <ClInclude Include="Headers\ecs\component.h">
      <Filter>Header Files</Filter>
    </ClInclude>
    <ClInclude Include="Headers\ecs\system.h">
      <Filter>Header Files</Filter>
    </ClInclude>
    <ClInclude Include="Headers\ecs\type_name.h">
      <Filter>Header Files</Filter>
    </ClInclude>
    <ClInclude Include="Headers\ecs\ecs.h">
      <Filter>Header Files</Filter>
    </ClInclude>
    <ClInclude Include="Headers\ecs\ecsTypes.h">
      <Filter>Header Files</Filter>
    </ClInclude>
    <ClInclude Include="Headers\ecs\componentPool.h">
      <Filter>Header Files</Filter>
    </ClInclude>
    <ClInclude Include="Headers\components\script.h">
      <Filter>Header Files</Filter>
    </ClInclude>
    <ClInclude Include="Headers\scene\scene.h">
      <Filter>Header Files</Filter>
    </ClInclude>
    <ClInclude Include="Headers\components\mesh.h">
      <Filter>Header Files</Filter>
    </ClInclude>
    <ClInclude Include="Headers\components\scriptable.h">
      <Filter>Header Files</Filter>
    </ClInclude>
    <ClInclude Include="Headers\ecs\scriptSystem.h">
      <Filter>Header Files</Filter>
    </ClInclude>
    <ClInclude Include="Headers\platform.h">
      <Filter>Header Files</Filter>
    </ClInclude>
    <ClInclude Include="ChessCode\Include\firstscript.h">
      <Filter>Header Files</Filter>
    </ClInclude>
  </ItemGroup>
</Project>